// !$*UTF8*$!
{
	archiveVersion = 1;
	classes = {
	};
	objectVersion = 46;
	objects = {

/* Begin PBXBuildFile section */
		8825B1F01A03205E00B6FC6A /* main.m in Sources */ = {isa = PBXBuildFile; fileRef = 8825B1EF1A03205E00B6FC6A /* main.m */; };
		8825B1F31A03205E00B6FC6A /* AppDelegate.m in Sources */ = {isa = PBXBuildFile; fileRef = 8825B1F21A03205E00B6FC6A /* AppDelegate.m */; };
		8825B1F61A03205E00B6FC6A /* ViewController.m in Sources */ = {isa = PBXBuildFile; fileRef = 8825B1F51A03205E00B6FC6A /* ViewController.m */; };
		8825B1F91A03205E00B6FC6A /* Main.storyboard in Resources */ = {isa = PBXBuildFile; fileRef = 8825B1F71A03205E00B6FC6A /* Main.storyboard */; };
		8825B1FB1A03205E00B6FC6A /* Images.xcassets in Resources */ = {isa = PBXBuildFile; fileRef = 8825B1FA1A03205E00B6FC6A /* Images.xcassets */; };
		8825B1FE1A03205F00B6FC6A /* LaunchScreen.xib in Resources */ = {isa = PBXBuildFile; fileRef = 8825B1FC1A03205E00B6FC6A /* LaunchScreen.xib */; };
		8825B20A1A03205F00B6FC6A /* ZLMenuViewControllerDemoTests.m in Sources */ = {isa = PBXBuildFile; fileRef = 8825B2091A03205F00B6FC6A /* ZLMenuViewControllerDemoTests.m */; };
/* End PBXBuildFile section */

/* Begin PBXContainerItemProxy section */
		8825B2041A03205F00B6FC6A /* PBXContainerItemProxy */ = {
			isa = PBXContainerItemProxy;
			containerPortal = 8825B1E21A03205E00B6FC6A /* Project object */;
			proxyType = 1;
			remoteGlobalIDString = 8825B1E91A03205E00B6FC6A;
			remoteInfo = ZLMenuViewControllerDemo;
		};
/* End PBXContainerItemProxy section */

/* Begin PBXFileReference section */
		8825B1EA1A03205E00B6FC6A /* ZLMenuViewControllerDemo.app */ = {isa = PBXFileReference; explicitFileType = wrapper.application; includeInIndex = 0; path = ZLMenuViewControllerDemo.app; sourceTree = BUILT_PRODUCTS_DIR; };
		8825B1EE1A03205E00B6FC6A /* Info.plist */ = {isa = PBXFileReference; lastKnownFileType = text.plist.xml; path = Info.plist; sourceTree = "<group>"; };
		8825B1EF1A03205E00B6FC6A /* main.m */ = {isa = PBXFileReference; lastKnownFileType = sourcecode.c.objc; path = main.m; sourceTree = "<group>"; };
		8825B1F11A03205E00B6FC6A /* AppDelegate.h */ = {isa = PBXFileReference; lastKnownFileType = sourcecode.c.h; path = AppDelegate.h; sourceTree = "<group>"; };
		8825B1F21A03205E00B6FC6A /* AppDelegate.m */ = {isa = PBXFileReference; lastKnownFileType = sourcecode.c.objc; path = AppDelegate.m; sourceTree = "<group>"; };
		8825B1F41A03205E00B6FC6A /* ViewController.h */ = {isa = PBXFileReference; lastKnownFileType = sourcecode.c.h; path = ViewController.h; sourceTree = "<group>"; };
		8825B1F51A03205E00B6FC6A /* ViewController.m */ = {isa = PBXFileReference; lastKnownFileType = sourcecode.c.objc; path = ViewController.m; sourceTree = "<group>"; };
		8825B1F81A03205E00B6FC6A /* Base */ = {isa = PBXFileReference; lastKnownFileType = file.storyboard; name = Base; path = Base.lproj/Main.storyboard; sourceTree = "<group>"; };
		8825B1FA1A03205E00B6FC6A /* Images.xcassets */ = {isa = PBXFileReference; lastKnownFileType = folder.assetcatalog; path = Images.xcassets; sourceTree = "<group>"; };
		8825B1FD1A03205F00B6FC6A /* Base */ = {isa = PBXFileReference; lastKnownFileType = file.xib; name = Base; path = Base.lproj/LaunchScreen.xib; sourceTree = "<group>"; };
		8825B2031A03205F00B6FC6A /* ZLMenuViewControllerDemoTests.xctest */ = {isa = PBXFileReference; explicitFileType = wrapper.cfbundle; includeInIndex = 0; path = ZLMenuViewControllerDemoTests.xctest; sourceTree = BUILT_PRODUCTS_DIR; };
		8825B2081A03205F00B6FC6A /* Info.plist */ = {isa = PBXFileReference; lastKnownFileType = text.plist.xml; path = Info.plist; sourceTree = "<group>"; };
		8825B2091A03205F00B6FC6A /* ZLMenuViewControllerDemoTests.m */ = {isa = PBXFileReference; lastKnownFileType = sourcecode.c.objc; path = ZLMenuViewControllerDemoTests.m; sourceTree = "<group>"; };
/* End PBXFileReference section */

/* Begin PBXFrameworksBuildPhase section */
		8825B1E71A03205E00B6FC6A /* Frameworks */ = {
			isa = PBXFrameworksBuildPhase;
			buildActionMask = 2147483647;
			files = (
			);
			runOnlyForDeploymentPostprocessing = 0;
		};
		8825B2001A03205F00B6FC6A /* Frameworks */ = {
			isa = PBXFrameworksBuildPhase;
			buildActionMask = 2147483647;
			files = (
			);
			runOnlyForDeploymentPostprocessing = 0;
		};
/* End PBXFrameworksBuildPhase section */

/* Begin PBXGroup section */
		8825B1E11A03205E00B6FC6A = {
			isa = PBXGroup;
			children = (
				8825B1EC1A03205E00B6FC6A /* ZLMenuViewControllerDemo */,
				8825B2061A03205F00B6FC6A /* ZLMenuViewControllerDemoTests */,
				8825B1EB1A03205E00B6FC6A /* Products */,
			);
			sourceTree = "<group>";
		};
		8825B1EB1A03205E00B6FC6A /* Products */ = {
			isa = PBXGroup;
			children = (
				8825B1EA1A03205E00B6FC6A /* ZLMenuViewControllerDemo.app */,
				8825B2031A03205F00B6FC6A /* ZLMenuViewControllerDemoTests.xctest */,
			);
			name = Products;
			sourceTree = "<group>";
		};
		8825B1EC1A03205E00B6FC6A /* ZLMenuViewControllerDemo */ = {
			isa = PBXGroup;
			children = (
				8825B1F11A03205E00B6FC6A /* AppDelegate.h */,
				8825B1F21A03205E00B6FC6A /* AppDelegate.m */,
				8825B1F41A03205E00B6FC6A /* ViewController.h */,
				8825B1F51A03205E00B6FC6A /* ViewController.m */,
				8825B1F71A03205E00B6FC6A /* Main.storyboard */,
				8825B1FA1A03205E00B6FC6A /* Images.xcassets */,
				8825B1FC1A03205E00B6FC6A /* LaunchScreen.xib */,
				8825B1ED1A03205E00B6FC6A /* Supporting Files */,
			);
			path = ZLMenuViewControllerDemo;
			sourceTree = "<group>";
		};
		8825B1ED1A03205E00B6FC6A /* Supporting Files */ = {
			isa = PBXGroup;
			children = (
				8825B1EE1A03205E00B6FC6A /* Info.plist */,
				8825B1EF1A03205E00B6FC6A /* main.m */,
			);
			name = "Supporting Files";
			sourceTree = "<group>";
		};
		8825B2061A03205F00B6FC6A /* ZLMenuViewControllerDemoTests */ = {
			isa = PBXGroup;
			children = (
				8825B2091A03205F00B6FC6A /* ZLMenuViewControllerDemoTests.m */,
				8825B2071A03205F00B6FC6A /* Supporting Files */,
			);
			path = ZLMenuViewControllerDemoTests;
			sourceTree = "<group>";
		};
		8825B2071A03205F00B6FC6A /* Supporting Files */ = {
			isa = PBXGroup;
			children = (
				8825B2081A03205F00B6FC6A /* Info.plist */,
			);
			name = "Supporting Files";
			sourceTree = "<group>";
		};
/* End PBXGroup section */

/* Begin PBXNativeTarget section */
		8825B1E91A03205E00B6FC6A /* ZLMenuViewControllerDemo */ = {
			isa = PBXNativeTarget;
			buildConfigurationList = 8825B20D1A03205F00B6FC6A /* Build configuration list for PBXNativeTarget "ZLMenuViewControllerDemo" */;
			buildPhases = (
				8825B1E61A03205E00B6FC6A /* Sources */,
				8825B1E71A03205E00B6FC6A /* Frameworks */,
				8825B1E81A03205E00B6FC6A /* Resources */,
			);
			buildRules = (
			);
			dependencies = (
			);
			name = ZLMenuViewControllerDemo;
			productName = ZLMenuViewControllerDemo;
			productReference = 8825B1EA1A03205E00B6FC6A /* ZLMenuViewControllerDemo.app */;
			productType = "com.apple.product-type.application";
		};
		8825B2021A03205F00B6FC6A /* ZLMenuViewControllerDemoTests */ = {
			isa = PBXNativeTarget;
			buildConfigurationList = 8825B2101A03205F00B6FC6A /* Build configuration list for PBXNativeTarget "ZLMenuViewControllerDemoTests" */;
			buildPhases = (
				8825B1FF1A03205F00B6FC6A /* Sources */,
				8825B2001A03205F00B6FC6A /* Frameworks */,
				8825B2011A03205F00B6FC6A /* Resources */,
			);
			buildRules = (
			);
			dependencies = (
				8825B2051A03205F00B6FC6A /* PBXTargetDependency */,
			);
			name = ZLMenuViewControllerDemoTests;
			productName = ZLMenuViewControllerDemoTests;
			productReference = 8825B2031A03205F00B6FC6A /* ZLMenuViewControllerDemoTests.xctest */;
			productType = "com.apple.product-type.bundle.unit-test";
		};
/* End PBXNativeTarget section */

/* Begin PBXProject section */
		8825B1E21A03205E00B6FC6A /* Project object */ = {
			isa = PBXProject;
			attributes = {
				LastUpgradeCheck = 0600;
				ORGANIZATIONNAME = Zou;
				TargetAttributes = {
					8825B1E91A03205E00B6FC6A = {
						CreatedOnToolsVersion = 6.0.1;
					};
					8825B2021A03205F00B6FC6A = {
						CreatedOnToolsVersion = 6.0.1;
						TestTargetID = 8825B1E91A03205E00B6FC6A;
					};
				};
			};
			buildConfigurationList = 8825B1E51A03205E00B6FC6A /* Build configuration list for PBXProject "ZLMenuViewControllerDemo" */;
			compatibilityVersion = "Xcode 3.2";
			developmentRegion = English;
			hasScannedForEncodings = 0;
			knownRegions = (
				en,
				Base,
			);
			mainGroup = 8825B1E11A03205E00B6FC6A;
			productRefGroup = 8825B1EB1A03205E00B6FC6A /* Products */;
			projectDirPath = "";
			projectRoot = "";
			targets = (
				8825B1E91A03205E00B6FC6A /* ZLMenuViewControllerDemo */,
				8825B2021A03205F00B6FC6A /* ZLMenuViewControllerDemoTests */,
			);
		};
/* End PBXProject section */

/* Begin PBXResourcesBuildPhase section */
		8825B1E81A03205E00B6FC6A /* Resources */ = {
			isa = PBXResourcesBuildPhase;
			buildActionMask = 2147483647;
			files = (
				8825B1F91A03205E00B6FC6A /* Main.storyboard in Resources */,
				8825B1FE1A03205F00B6FC6A /* LaunchScreen.xib in Resources */,
				8825B1FB1A03205E00B6FC6A /* Images.xcassets in Resources */,
			);
			runOnlyForDeploymentPostprocessing = 0;
		};
		8825B2011A03205F00B6FC6A /* Resources */ = {
			isa = PBXResourcesBuildPhase;
			buildActionMask = 2147483647;
			files = (
			);
			runOnlyForDeploymentPostprocessing = 0;
		};
/* End PBXResourcesBuildPhase section */

/* Begin PBXSourcesBuildPhase section */
		8825B1E61A03205E00B6FC6A /* Sources */ = {
			isa = PBXSourcesBuildPhase;
			buildActionMask = 2147483647;
			files = (
				8825B1F61A03205E00B6FC6A /* ViewController.m in Sources */,
				8825B1F31A03205E00B6FC6A /* AppDelegate.m in Sources */,
				8825B1F01A03205E00B6FC6A /* main.m in Sources */,
			);
			runOnlyForDeploymentPostprocessing = 0;
		};
		8825B1FF1A03205F00B6FC6A /* Sources */ = {
			isa = PBXSourcesBuildPhase;
			buildActionMask = 2147483647;
			files = (
				8825B20A1A03205F00B6FC6A /* ZLMenuViewControllerDemoTests.m in Sources */,
			);
			runOnlyForDeploymentPostprocessing = 0;
		};
/* End PBXSourcesBuildPhase section */

/* Begin PBXTargetDependency section */
		8825B2051A03205F00B6FC6A /* PBXTargetDependency */ = {
			isa = PBXTargetDependency;
			target = 8825B1E91A03205E00B6FC6A /* ZLMenuViewControllerDemo */;
			targetProxy = 8825B2041A03205F00B6FC6A /* PBXContainerItemProxy */;
		};
/* End PBXTargetDependency section */

/* Begin PBXVariantGroup section */
		8825B1F71A03205E00B6FC6A /* Main.storyboard */ = {
			isa = PBXVariantGroup;
			children = (
				8825B1F81A03205E00B6FC6A /* Base */,
			);
			name = Main.storyboard;
			sourceTree = "<group>";
		};
		8825B1FC1A03205E00B6FC6A /* LaunchScreen.xib */ = {
			isa = PBXVariantGroup;
			children = (
				8825B1FD1A03205F00B6FC6A /* Base */,
			);
			name = LaunchScreen.xib;
			sourceTree = "<group>";
		};
/* End PBXVariantGroup section */

/* Begin XCBuildConfiguration section */
		8825B20B1A03205F00B6FC6A /* Debug */ = {
			isa = XCBuildConfiguration;
			buildSettings = {
				ALWAYS_SEARCH_USER_PATHS = NO;
				CLANG_CXX_LANGUAGE_STANDARD = "gnu++0x";
				CLANG_CXX_LIBRARY = "libc++";
				CLANG_ENABLE_MODULES = YES;
				CLANG_ENABLE_OBJC_ARC = YES;
				CLANG_WARN_BOOL_CONVERSION = YES;
				CLANG_WARN_CONSTANT_CONVERSION = YES;
				CLANG_WARN_DIRECT_OBJC_ISA_USAGE = YES_ERROR;
				CLANG_WARN_EMPTY_BODY = YES;
				CLANG_WARN_ENUM_CONVERSION = YES;
				CLANG_WARN_INT_CONVERSION = YES;
				CLANG_WARN_OBJC_ROOT_CLASS = YES_ERROR;
				CLANG_WARN_UNREACHABLE_CODE = YES;
				CLANG_WARN__DUPLICATE_METHOD_MATCH = YES;
				"CODE_SIGN_IDENTITY[sdk=iphoneos*]" = "iPhone Developer";
				COPY_PHASE_STRIP = NO;
				ENABLE_STRICT_OBJC_MSGSEND = YES;
				GCC_C_LANGUAGE_STANDARD = gnu99;
				GCC_DYNAMIC_NO_PIC = NO;
				GCC_OPTIMIZATION_LEVEL = 0;
				GCC_PREPROCESSOR_DEFINITIONS = (
					"DEBUG=1",
					"$(inherited)",
				);
				GCC_SYMBOLS_PRIVATE_EXTERN = NO;
				GCC_WARN_64_TO_32_BIT_CONVERSION = YES;
				GCC_WARN_ABOUT_RETURN_TYPE = YES_ERROR;
				GCC_WARN_UNDECLARED_SELECTOR = YES;
				GCC_WARN_UNINITIALIZED_AUTOS = YES_AGGRESSIVE;
				GCC_WARN_UNUSED_FUNCTION = YES;
				GCC_WARN_UNUSED_VARIABLE = YES;
				IPHONEOS_DEPLOYMENT_TARGET = 8.0;
				MTL_ENABLE_DEBUG_INFO = YES;
				ONLY_ACTIVE_ARCH = YES;
				SDKROOT = iphoneos;
			};
			name = Debug;
		};
		8825B20C1A03205F00B6FC6A /* Release */ = {
			isa = XCBuildConfiguration;
			buildSettings = {
				ALWAYS_SEARCH_USER_PATHS = NO;
				CLANG_CXX_LANGUAGE_STANDARD = "gnu++0x";
				CLANG_CXX_LIBRARY = "libc++";
				CLANG_ENABLE_MODULES = YES;
				CLANG_ENABLE_OBJC_ARC = YES;
				CLANG_WARN_BOOL_CONVERSION = YES;
				CLANG_WARN_CONSTANT_CONVERSION = YES;
				CLANG_WARN_DIRECT_OBJC_ISA_USAGE = YES_ERROR;
				CLANG_WARN_EMPTY_BODY = YES;
				CLANG_WARN_ENUM_CONVERSION = YES;
				CLANG_WARN_INT_CONVERSION = YES;
				CLANG_WARN_OBJC_ROOT_CLASS = YES_ERROR;
				CLANG_WARN_UNREACHABLE_CODE = YES;
				CLANG_WARN__DUPLICATE_METHOD_MATCH = YES;
				"CODE_SIGN_IDENTITY[sdk=iphoneos*]" = "iPhone Developer";
				COPY_PHASE_STRIP = YES;
				ENABLE_NS_ASSERTIONS = NO;
				ENABLE_STRICT_OBJC_MSGSEND = YES;
				GCC_C_LANGUAGE_STANDARD = gnu99;
				GCC_WARN_64_TO_32_BIT_CONVERSION = YES;
				GCC_WARN_ABOUT_RETURN_TYPE = YES_ERROR;
				GCC_WARN_UNDECLARED_SELECTOR = YES;
				GCC_WARN_UNINITIALIZED_AUTOS = YES_AGGRESSIVE;
				GCC_WARN_UNUSED_FUNCTION = YES;
				GCC_WARN_UNUSED_VARIABLE = YES;
				IPHONEOS_DEPLOYMENT_TARGET = 8.0;
				MTL_ENABLE_DEBUG_INFO = NO;
				SDKROOT = iphoneos;
				VALIDATE_PRODUCT = YES;
			};
			name = Release;
		};
		8825B20E1A03205F00B6FC6A /* Debug */ = {
			isa = XCBuildConfiguration;
			buildSettings = {
				ASSETCATALOG_COMPILER_APPICON_NAME = AppIcon;
				INFOPLIST_FILE = ZLMenuViewControllerDemo/Info.plist;
				LD_RUNPATH_SEARCH_PATHS = "$(inherited) @executable_path/Frameworks";
				PRODUCT_NAME = "$(TARGET_NAME)";
			};
			name = Debug;
		};
		8825B20F1A03205F00B6FC6A /* Release */ = {
			isa = XCBuildConfiguration;
			buildSettings = {
				ASSETCATALOG_COMPILER_APPICON_NAME = AppIcon;
				INFOPLIST_FILE = ZLMenuViewControllerDemo/Info.plist;
				LD_RUNPATH_SEARCH_PATHS = "$(inherited) @executable_path/Frameworks";
				PRODUCT_NAME = "$(TARGET_NAME)";
			};
			name = Release;
		};
		8825B2111A03205F00B6FC6A /* Debug */ = {
			isa = XCBuildConfiguration;
			buildSettings = {
				BUNDLE_LOADER = "$(TEST_HOST)";
				FRAMEWORK_SEARCH_PATHS = (
					"$(SDKROOT)/Developer/Library/Frameworks",
					"$(inherited)",
				);
				GCC_PREPROCESSOR_DEFINITIONS = (
					"DEBUG=1",
					"$(inherited)",
				);
				INFOPLIST_FILE = ZLMenuViewControllerDemoTests/Info.plist;
				LD_RUNPATH_SEARCH_PATHS = "$(inherited) @executable_path/Frameworks @loader_path/Frameworks";
				PRODUCT_NAME = "$(TARGET_NAME)";
				TEST_HOST = "$(BUILT_PRODUCTS_DIR)/ZLMenuViewControllerDemo.app/ZLMenuViewControllerDemo";
			};
			name = Debug;
		};
		8825B2121A03205F00B6FC6A /* Release */ = {
			isa = XCBuildConfiguration;
			buildSettings = {
				BUNDLE_LOADER = "$(TEST_HOST)";
				FRAMEWORK_SEARCH_PATHS = (
					"$(SDKROOT)/Developer/Library/Frameworks",
					"$(inherited)",
				);
				INFOPLIST_FILE = ZLMenuViewControllerDemoTests/Info.plist;
				LD_RUNPATH_SEARCH_PATHS = "$(inherited) @executable_path/Frameworks @loader_path/Frameworks";
				PRODUCT_NAME = "$(TARGET_NAME)";
				TEST_HOST = "$(BUILT_PRODUCTS_DIR)/ZLMenuViewControllerDemo.app/ZLMenuViewControllerDemo";
			};
			name = Release;
		};
/* End XCBuildConfiguration section */

/* Begin XCConfigurationList section */
		8825B1E51A03205E00B6FC6A /* Build configuration list for PBXProject "ZLMenuViewControllerDemo" */ = {
			isa = XCConfigurationList;
			buildConfigurations = (
				8825B20B1A03205F00B6FC6A /* Debug */,
				8825B20C1A03205F00B6FC6A /* Release */,
			);
			defaultConfigurationIsVisible = 0;
			defaultConfigurationName = Release;
		};
		8825B20D1A03205F00B6FC6A /* Build configuration list for PBXNativeTarget "ZLMenuViewControllerDemo" */ = {
			isa = XCConfigurationList;
			buildConfigurations = (
				8825B20E1A03205F00B6FC6A /* Debug */,
				8825B20F1A03205F00B6FC6A /* Release */,
			);
			defaultConfigurationIsVisible = 0;
		};
		8825B2101A03205F00B6FC6A /* Build configuration list for PBXNativeTarget "ZLMenuViewControllerDemoTests" */ = {
			isa = XCConfigurationList;
			buildConfigurations = (
				8825B2111A03205F00B6FC6A /* Debug */,
				8825B2121A03205F00B6FC6A /* Release */,
			);
			defaultConfigurationIsVisible = 0;
		};
/* End XCConfigurationList section */
	};
	rootObject = 8825B1E21A03205E00B6FC6A /* Project object */;
}
